# This file is autogenerated, do not edit; changes may be undone by the next 'dep ensure'.


[[projects]]
  digest = "1:c2f96f95b0f81674c856a5a4b92c6efffd20733d71f8106b939fabf54c1c25bb"
  name = "github.com/go-stomp/stomp"
  packages = [
    ".",
    "frame",
  ]
  pruneopts = "UT"
  revision = "8a8033db547238f32a69359fc1b0c50359339e95"
  version = "v2.0.1"

[solve-meta]
  analyzer-name = "dep"
  analyzer-version = 1
  input-imports = ["github.com/go-stomp/stomp"]
  solver-name = "gps-cdcl"
  solver-version = 1
